# THIS IS AN AUTOGENERATED FILE. DO NOT EDIT THIS FILE DIRECTLY.
# yarn lockfile v1
"@angular/common@~2.1.0":
  version "2.1.1"
  resolved "https://registry.yarnpkg.com/@angular/common/-/common-2.1.1.tgz#4b28de02c07f1395fbbdb403983c82a47490f39e"

"@angular/common@2.1.0":
  version "2.1.0"
  resolved "https://registry.yarnpkg.com/@angular/common/-/common-2.1.0.tgz#159037ee8ea5b75951cbcb371749504b535f2c2d"

"@angular/compiler@~2.1.0":
  version "2.1.1"
  resolved "https://registry.yarnpkg.com/@angular/compiler/-/compiler-2.1.1.tgz#41d04cdd121ab17d7e4d4e660512fe424949fbd6"

"@angular/compiler@2.1.0":
  version "2.1.0"
  resolved "https://registry.yarnpkg.com/@angular/compiler/-/compiler-2.1.0.tgz#1388e1b6adadb4495e1cb5f0fa5322728de0d003"

"@angular/core@~2.1.0":
  version "2.1.1"
  resolved "https://registry.yarnpkg.com/@angular/core/-/core-2.1.1.tgz#2100ba90023c8184bd1ea7a63f194b15e8c2dfe1"

"@angular/core@2.1.0":
  version "2.1.0"
  resolved "https://registry.yarnpkg.com/@angular/core/-/core-2.1.0.tgz#a2fdb0f76f72e5ac521feadd4d119f60afff2bd3"

"@angular/forms@~2.1.0":
  version "2.1.1"
  resolved "https://registry.yarnpkg.com/@angular/forms/-/forms-2.1.1.tgz#d7b79d8078cd30107d43666f4af3d7ac6600b083"

"@angular/forms@2.1.0":
  version "2.1.0"
  resolved "https://registry.yarnpkg.com/@angular/forms/-/forms-2.1.0.tgz#89b2684c176c32e954bf78ce15dffad269138c25"

"@angular/http@~2.1.0":
  version "2.1.1"
  resolved "https://registry.yarnpkg.com/@angular/http/-/http-2.1.1.tgz#6cec2c675aa0b8f8e7f809d617e4cde5b713437a"

"@angular/http@2.1.0":
  version "2.1.0"
  resolved "https://registry.yarnpkg.com/@angular/http/-/http-2.1.0.tgz#19aad01f791aa1e3794863d21b35bc377ce76987"

"@angular/platform-browser-dynamic@~2.1.0":
  version "2.1.1"
  resolved "https://registry.yarnpkg.com/@angular/platform-browser-dynamic/-/platform-browser-dynamic-2.1.1.tgz#d1e671abbc35c4c3dab01d266a239ebfb0ef8b6e"

"@angular/platform-browser-dynamic@2.1.0":
  version "2.1.0"
  resolved "https://registry.yarnpkg.com/@angular/platform-browser-dynamic/-/platform-browser-dynamic-2.1.0.tgz#05de532f46bbfdf80a603768e994f33c2ddf73e7"

"@angular/platform-browser@~2.1.0":
  version "2.1.1"
  resolved "https://registry.yarnpkg.com/@angular/platform-browser/-/platform-browser-2.1.1.tgz#03687a14bb914b113d1068aa0a44b5820109c0c0"

"@angular/platform-browser@2.1.0":
  version "2.1.0"
  resolved "https://registry.yarnpkg.com/@angular/platform-browser/-/platform-browser-2.1.0.tgz#f53b2234a460def5f9e718bb812b91a0a5f6c1e7"

"@angular/router@~3.1.0":
  version "3.1.1"
  resolved "https://registry.yarnpkg.com/@angular/router/-/router-3.1.1.tgz#14c53e6789274e4cb6e0bb3f7269c82910c805fd"

"@angular/router@3.1.0":
  version "3.1.0"
  resolved "https://registry.yarnpkg.com/@angular/router/-/router-3.1.0.tgz#14a496411142d29744b85996b4c4dd7e0eb76029"

balanced-match@^0.4.1:
  version "0.4.2"
  resolved "https://registry.yarnpkg.com/balanced-match/-/balanced-match-0.4.2.tgz#cb3f3e3c732dc0f01ee70b403f302e61d7709838"

brace-expansion@^1.0.0:
  version "1.1.6"
  resolved "https://registry.yarnpkg.com/brace-expansion/-/brace-expansion-1.1.6.tgz#7197d7eaa9b87e648390ea61fc66c84427420df9"
  dependencies:
    balanced-match "^0.4.1"
    concat-map "0.0.1"

concat-map@0.0.1:
  version "0.0.1"
  resolved "https://registry.yarnpkg.com/concat-map/-/concat-map-0.0.1.tgz#d8a96bd77fd68df7793a73036a3ba0d5405d477b"

glob@^6.0.1:
  version "6.0.4"
  resolved "https://registry.yarnpkg.com/glob/-/glob-6.0.4.tgz#0f08860f6a155127b2fadd4f9ce24b1aab6e4d22"
  dependencies:
    inflight "^1.0.4"
    inherits "2"
    minimatch "2 || 3"
    once "^1.3.0"
    path-is-absolute "^1.0.0"

inflight@^1.0.4:
  version "1.0.6"
  resolved "https://registry.yarnpkg.com/inflight/-/inflight-1.0.6.tgz#49bd6331d7d02d0c09bc910a1075ba8165b56df9"
  dependencies:
    once "^1.3.0"
    wrappy "1"

inherits@2:
  version "2.0.3"
  resolved "https://registry.yarnpkg.com/inherits/-/inherits-2.0.3.tgz#633c2c83e3da42a502f52466022480f4208261de"

"minimatch@2 || 3":
  version "3.0.3"
  resolved "https://registry.yarnpkg.com/minimatch/-/minimatch-3.0.3.tgz#2a4e4090b96b2db06a9d7df01055a62a77c9b774"
  dependencies:
    brace-expansion "^1.0.0"

minimist@0.0.8:
  version "0.0.8"
  resolved "https://registry.yarnpkg.com/minimist/-/minimist-0.0.8.tgz#857fcabfc3397d2625b8228262e86aa7a011b05d"

mkdirp@^0.5.1:
  version "0.5.1"
  resolved "https://registry.yarnpkg.com/mkdirp/-/mkdirp-0.5.1.tgz#30057438eac6cf7f8c4767f38648d6697d75c903"
  dependencies:
    minimist "0.0.8"

nativescript-angular@1.1.0:
  version "1.1.0"
  resolved "https://registry.yarnpkg.com/nativescript-angular/-/nativescript-angular-1.1.0.tgz#0e6f18eb911cf1ada90ae13f65c5db5637c937e9"
  dependencies:
    "@angular/common" "~2.1.0"
    "@angular/compiler" "~2.1.0"
    "@angular/core" "~2.1.0"
    "@angular/forms" "~2.1.0"
    "@angular/http" "~2.1.0"
    "@angular/platform-browser" "~2.1.0"
    "@angular/platform-browser-dynamic" "~2.1.0"
    "@angular/router" "~3.1.0"
    nativescript-intl "~0.0.4"
    parse5 "1.3.2"
    punycode "1.3.2"
    querystring "0.2.0"
    reflect-metadata "~0.1.8"
    rxjs "5.0.0-beta.12"
    url "0.10.3"

nativescript-dev-typescript@^0.3.2:
  version "0.3.2"
  resolved "https://registry.yarnpkg.com/nativescript-dev-typescript/-/nativescript-dev-typescript-0.3.2.tgz#639eed65276834e4e68626caffaaa6cec7d7a2de"
  dependencies:
    nativescript-hook "^0.2.0"

nativescript-hook@^0.2.0:
  version "0.2.1"
  resolved "https://registry.yarnpkg.com/nativescript-hook/-/nativescript-hook-0.2.1.tgz#786225056db20fa49e786451dccd64b52e3864d9"
  dependencies:
    glob "^6.0.1"
    mkdirp "^0.5.1"

nativescript-intl@~0.0.4:
  version "0.0.4"
  resolved "https://registry.yarnpkg.com/nativescript-intl/-/nativescript-intl-0.0.4.tgz#35937daca1a2568579d1bd9da50b0b0b69c9360b"

once@^1.3.0:
  version "1.4.0"
  resolved "https://registry.yarnpkg.com/once/-/once-1.4.0.tgz#583b1aa775961d4b113ac17d9c50baef9dd76bd1"
  dependencies:
    wrappy "1"

parse5@1.3.2:
  version "1.3.2"
  resolved "https://registry.yarnpkg.com/parse5/-/parse5-1.3.2.tgz#d9c9fca0aa7ee7be0f9690426dd4f9d1852af8ee"

path-is-absolute@^1.0.0:
  version "1.0.1"
  resolved "https://registry.yarnpkg.com/path-is-absolute/-/path-is-absolute-1.0.1.tgz#174b9268735534ffbc7ace6bf53a5a9e1b5c5f5f"

punycode@1.3.2:
  version "1.3.2"
  resolved "https://registry.yarnpkg.com/punycode/-/punycode-1.3.2.tgz#9653a036fb7c1ee42342f2325cceefea3926c48d"

querystring@0.2.0:
  version "0.2.0"
  resolved "https://registry.yarnpkg.com/querystring/-/querystring-0.2.0.tgz#b209849203bb25df820da756e747005878521620"

reflect-metadata@~0.1.8:
  version "0.1.8"
  resolved "https://registry.yarnpkg.com/reflect-metadata/-/reflect-metadata-0.1.8.tgz#72426d570b60776e3688968bd5ab9537a15cecf6"

rxjs@5.0.0-beta.12:
  version "5.0.0-beta.12"
  resolved "https://registry.yarnpkg.com/rxjs/-/rxjs-5.0.0-beta.12.tgz#cdfde2d8c4639d20ae7794bff8fddf32da7ad337"
  dependencies:
    symbol-observable "^1.0.1"

symbol-observable@^1.0.1:
  version "1.0.4"
  resolved "https://registry.yarnpkg.com/symbol-observable/-/symbol-observable-1.0.4.tgz#29bf615d4aa7121bdd898b22d4b3f9bc4e2aa03d"

tns-core-modules-widgets@2.3.0:
  version "2.3.0"
  resolved "https://registry.yarnpkg.com/tns-core-modules-widgets/-/tns-core-modules-widgets-2.3.0.tgz#19d902b6c77e0ef47687b9098b595a6b527db447"

tns-core-modules@2.3.0:
  version "2.3.0"
  resolved "https://registry.yarnpkg.com/tns-core-modules/-/tns-core-modules-2.3.0.tgz#8484a6a639cdcf845326e874f438b081a1c35900"
  dependencies:
    tns-core-modules-widgets "2.3.0"

typescript@^2.0.6:
  version "2.0.6"
  resolved "https://registry.yarnpkg.com/typescript/-/typescript-2.0.6.tgz#5385499ac9811508c2c43e0ea07a1ddca435e111"

url@0.10.3:
  version "0.10.3"
  resolved "https://registry.yarnpkg.com/url/-/url-0.10.3.tgz#021e4d9c7705f21bbf37d03ceb58767402774c64"
  dependencies:
    punycode "1.3.2"
    querystring "0.2.0"

wrappy@1:
  version "1.0.2"
  resolved "https://registry.yarnpkg.com/wrappy/-/wrappy-1.0.2.tgz#b5243d8f3ec1aa35f1364605bc0d1036e30ab69f"

zone.js@~0.6.21:
  version "0.6.26"
  resolved "https://registry.yarnpkg.com/zone.js/-/zone.js-0.6.26.tgz#067c13b8b80223a89b62e9dc82680f09762c4636"

